{
  "nodes": {
    "nixpkgs": {
      "locked": {
        "lastModified": 1630338749,
        "narHash": "sha256-J1LsmwGtlYpqIMYEi/amMKkk0VfRrwHaEs/uylugGnE=",
        "path": "/nix/store/y38w1iqhwlsa5aphd2kc1r1qii9al3aj-source",
        "rev": "8a2ec31e224de9461390cdd03e5e0b0290cdad0b",
        "type": "path"
      },
      "original": {
        "id": "nixpkgs",
        "type": "indirect"
      }
    },
    "root": {
      "inputs": {
        "nixpkgs": "nixpkgs"
      }
    }
  },
  "root": "root",
  "version": 7
}
